# This file is automatically @generated by Cargo.
# It is not intended for manual editing.
version = 4

[[package]]
name = "gidget"
version = "0.1.0"
dependencies = [
 "unicode-box-drawing",
]

[[package]]
name = "unicode-box-drawing"
version = "0.2.1"
source = "registry+https://github.com/rust-lang/crates.io-index"
checksum = "b339ce2d11d9901e6659685b27dc11b194003602c04b346481806d010c9c9dad"
